// !$*UTF8*$!
{
	archiveVersion = 1;
	classes = {
	};
	objectVersion = 46;
	objects = {

/* Begin PBXBuildFile section */
		33DD3B5F1FBF617B00D69CA5 /* Pregunta.swift in Sources */ = {isa = PBXBuildFile; fileRef = 33DD3B5E1FBF617B00D69CA5 /* Pregunta.swift */; };
		33FC05A51FBCCF7500ACDE66 /* AppDelegate.swift in Sources */ = {isa = PBXBuildFile; fileRef = 33FC05A41FBCCF7500ACDE66 /* AppDelegate.swift */; };
		33FC05A71FBCCF7500ACDE66 /* ViewController.swift in Sources */ = {isa = PBXBuildFile; fileRef = 33FC05A61FBCCF7500ACDE66 /* ViewController.swift */; };
		33FC05AA1FBCCF7500ACDE66 /* Main.storyboard in Resources */ = {isa = PBXBuildFile; fileRef = 33FC05A81FBCCF7500ACDE66 /* Main.storyboard */; };
		33FC05AC1FBCCF7500ACDE66 /* Assets.xcassets in Resources */ = {isa = PBXBuildFile; fileRef = 33FC05AB1FBCCF7500ACDE66 /* Assets.xcassets */; };
		33FC05AF1FBCCF7500ACDE66 /* LaunchScreen.storyboard in Resources */ = {isa = PBXBuildFile; fileRef = 33FC05AD1FBCCF7500ACDE66 /* LaunchScreen.storyboard */; };
/* End PBXBuildFile section */

/* Begin PBXFileReference section */
		33DD3B5E1FBF617B00D69CA5 /* Pregunta.swift */ = {isa = PBXFileReference; fileEncoding = 4; lastKnownFileType = sourcecode.swift; path = Pregunta.swift; sourceTree = "<group>"; };
		33FC05A11FBCCF7500ACDE66 /* PracticaPickerView.app */ = {isa = PBXFileReference; explicitFileType = wrapper.application; includeInIndex = 0; path = PracticaPickerView.app; sourceTree = BUILT_PRODUCTS_DIR; };
		33FC05A41FBCCF7500ACDE66 /* AppDelegate.swift */ = {isa = PBXFileReference; lastKnownFileType = sourcecode.swift; path = AppDelegate.swift; sourceTree = "<group>"; };
		33FC05A61FBCCF7500ACDE66 /* ViewController.swift */ = {isa = PBXFileReference; lastKnownFileType = sourcecode.swift; path = ViewController.swift; sourceTree = "<group>"; };
		33FC05A91FBCCF7500ACDE66 /* Base */ = {isa = PBXFileReference; lastKnownFileType = file.storyboard; name = Base; path = Base.lproj/Main.storyboard; sourceTree = "<group>"; };
		33FC05AB1FBCCF7500ACDE66 /* Assets.xcassets */ = {isa = PBXFileReference; lastKnownFileType = folder.assetcatalog; path = Assets.xcassets; sourceTree = "<group>"; };
		33FC05AE1FBCCF7500ACDE66 /* Base */ = {isa = PBXFileReference; lastKnownFileType = file.storyboard; name = Base; path = Base.lproj/LaunchScreen.storyboard; sourceTree = "<group>"; };
		33FC05B01FBCCF7500ACDE66 /* Info.plist */ = {isa = PBXFileReference; lastKnownFileType = text.plist.xml; path = Info.plist; sourceTree = "<group>"; };
/* End PBXFileReference section */

/* Begin PBXFrameworksBuildPhase section */
		33FC059E1FBCCF7500ACDE66 /* Frameworks */ = {
			isa = PBXFrameworksBuildPhase;
			buildActionMask = 2147483647;
			files = (
			);
			runOnlyForDeploymentPostprocessing = 0;
		};
/* End PBXFrameworksBuildPhase section */

/* Begin PBXGroup section */
		33FC05981FBCCF7500ACDE66 = {
			isa = PBXGroup;
			children = (
				33FC05A31FBCCF7500ACDE66 /* PracticaPickerView */,
				33FC05A21FBCCF7500ACDE66 /* Products */,
			);
			sourceTree = "<group>";
		};
		33FC05A21FBCCF7500ACDE66 /* Products */ = {
			isa = PBXGroup;
			children = (
				33FC05A11FBCCF7500ACDE66 /* PracticaPickerView.app */,
			);
			name = Products;
			sourceTree = "<group>";
		};
		33FC05A31FBCCF7500ACDE66 /* PracticaPickerView */ = {
			isa = PBXGroup;
			children = (
				33FC05A41FBCCF7500ACDE66 /* AppDelegate.swift */,
				33FC05A61FBCCF7500ACDE66 /* ViewController.swift */,
				33FC05A81FBCCF7500ACDE66 /* Main.storyboard */,
				33FC05AB1FBCCF7500ACDE66 /* Assets.xcassets */,
				33FC05AD1FBCCF7500ACDE66 /* LaunchScreen.storyboard */,
				33FC05B01FBCCF7500ACDE66 /* Info.plist */,
				33DD3B5E1FBF617B00D69CA5 /* Pregunta.swift */,
			);
			path = PracticaPickerView;
			sourceTree = "<group>";
		};
/* End PBXGroup section */

/* Begin PBXNativeTarget section */
		33FC05A01FBCCF7500ACDE66 /* PracticaPickerView */ = {
			isa = PBXNativeTarget;
			buildConfigurationList = 33FC05B31FBCCF7500ACDE66 /* Build configuration list for PBXNativeTarget "PracticaPickerView" */;
			buildPhases = (
				33FC059D1FBCCF7500ACDE66 /* Sources */,
				33FC059E1FBCCF7500ACDE66 /* Frameworks */,
				33FC059F1FBCCF7500ACDE66 /* Resources */,
			);
			buildRules = (
			);
			dependencies = (
			);
			name = PracticaPickerView;
			productName = PracticaPickerView;
			productReference = 33FC05A11FBCCF7500ACDE66 /* PracticaPickerView.app */;
			productType = "com.apple.product-type.application";
		};
/* End PBXNativeTarget section */

/* Begin PBXProject section */
		33FC05991FBCCF7500ACDE66 /* Project object */ = {
			isa = PBXProject;
			attributes = {
				LastSwiftUpdateCheck = 0830;
				LastUpgradeCheck = 0830;
				ORGANIZATIONNAME = DAM;
				TargetAttributes = {
					33FC05A01FBCCF7500ACDE66 = {
						CreatedOnToolsVersion = 8.3.3;
						ProvisioningStyle = Automatic;
					};
				};
			};
			buildConfigurationList = 33FC059C1FBCCF7500ACDE66 /* Build configuration list for PBXProject "PracticaPickerView" */;
			compatibilityVersion = "Xcode 3.2";
			developmentRegion = English;
			hasScannedForEncodings = 0;
			knownRegions = (
				en,
				Base,
			);
			mainGroup = 33FC05981FBCCF7500ACDE66;
			productRefGroup = 33FC05A21FBCCF7500ACDE66 /* Products */;
			projectDirPath = "";
			projectRoot = "";
			targets = (
				33FC05A01FBCCF7500ACDE66 /* PracticaPickerView */,
			);
		};
/* End PBXProject section */

/* Begin PBXResourcesBuildPhase section */
		33FC059F1FBCCF7500ACDE66 /* Resources */ = {
			isa = PBXResourcesBuildPhase;
			buildActionMask = 2147483647;
			files = (
				33FC05AF1FBCCF7500ACDE66 /* LaunchScreen.storyboard in Resources */,
				33FC05AC1FBCCF7500ACDE66 /* Assets.xcassets in Resources */,
				33FC05AA1FBCCF7500ACDE66 /* Main.storyboard in Resources */,
			);
			runOnlyForDeploymentPostprocessing = 0;
		};
/* End PBXResourcesBuildPhase section */

/* Begin PBXSourcesBuildPhase section */
		33FC059D1FBCCF7500ACDE66 /* Sources */ = {
			isa = PBXSourcesBuildPhase;
			buildActionMask = 2147483647;
			files = (
				33FC05A71FBCCF7500ACDE66 /* ViewController.swift in Sources */,
				33DD3B5F1FBF617B00D69CA5 /* Pregunta.swift in Sources */,
				33FC05A51FBCCF7500ACDE66 /* AppDelegate.swift in Sources */,
			);
			runOnlyForDeploymentPostprocessing = 0;
		};
/* End PBXSourcesBuildPhase section */

/* Begin PBXVariantGroup section */
		33FC05A81FBCCF7500ACDE66 /* Main.storyboard */ = {
			isa = PBXVariantGroup;
			children = (
				33FC05A91FBCCF7500ACDE66 /* Base */,
			);
			name = Main.storyboard;
			sourceTree = "<group>";
		};
		33FC05AD1FBCCF7500ACDE66 /* LaunchScreen.storyboard */ = {
			isa = PBXVariantGroup;
			children = (
				33FC05AE1FBCCF7500ACDE66 /* Base */,
			);
			name = LaunchScreen.storyboard;
			sourceTree = "<group>";
		};
/* End PBXVariantGroup section */

/* Begin XCBuildConfiguration section */
		33FC05B11FBCCF7500ACDE66 /* Debug */ = {
			isa = XCBuildConfiguration;
			buildSettings = {
				ALWAYS_SEARCH_USER_PATHS = NO;
				CLANG_ANALYZER_NONNULL = YES;
				CLANG_ANALYZER_NUMBER_OBJECT_CONVERSION = YES_AGGRESSIVE;
				CLANG_CXX_LANGUAGE_STANDARD = "gnu++0x";
				CLANG_CXX_LIBRARY = "libc++";
				CLANG_ENABLE_MODULES = YES;
				CLANG_ENABLE_OBJC_ARC = YES;
				CLANG_WARN_BOOL_CONVERSION = YES;
				CLANG_WARN_CONSTANT_CONVERSION = YES;
				CLANG_WARN_DIRECT_OBJC_ISA_USAGE = YES_ERROR;
				CLANG_WARN_DOCUMENTATION_COMMENTS = YES;
				CLANG_WARN_EMPTY_BODY = YES;
				CLANG_WARN_ENUM_CONVERSION = YES;
				CLANG_WARN_INFINITE_RECURSION = YES;
				CLANG_WARN_INT_CONVERSION = YES;
				CLANG_WARN_OBJC_ROOT_CLASS = YES_ERROR;
				CLANG_WARN_SUSPICIOUS_MOVE = YES;
				CLANG_WARN_UNREACHABLE_CODE = YES;
				CLANG_WARN__DUPLICATE_METHOD_MATCH = YES;
				"CODE_SIGN_IDENTITY[sdk=iphoneos*]" = "iPhone Developer";
				COPY_PHASE_STRIP = NO;
				DEBUG_INFORMATION_FORMAT = dwarf;
				ENABLE_STRICT_OBJC_MSGSEND = YES;
				ENABLE_TESTABILITY = YES;
				GCC_C_LANGUAGE_STANDARD = gnu99;
				GCC_DYNAMIC_NO_PIC = NO;
				GCC_NO_COMMON_BLOCKS = YES;
				GCC_OPTIMIZATION_LEVEL = 0;
				GCC_PREPROCESSOR_DEFINITIONS = (
					"DEBUG=1",
					"$(inherited)",
				);
				GCC_WARN_64_TO_32_BIT_CONVERSION = YES;
				GCC_WARN_ABOUT_RETURN_TYPE = YES_ERROR;
				GCC_WARN_UNDECLARED_SELECTOR = YES;
				GCC_WARN_UNINITIALIZED_AUTOS = YES_AGGRESSIVE;
				GCC_WARN_UNUSED_FUNCTION = YES;
				GCC_WARN_UNUSED_VARIABLE = YES;
				IPHONEOS_DEPLOYMENT_TARGET = 10.3;
				MTL_ENABLE_DEBUG_INFO = YES;
				ONLY_ACTIVE_ARCH = YES;
				SDKROOT = iphoneos;
				SWIFT_ACTIVE_COMPILATION_CONDITIONS = DEBUG;
				SWIFT_OPTIMIZATION_LEVEL = "-Onone";
			};
			name = Debug;
		};
		33FC05B21FBCCF7500ACDE66 /* Release */ = {
			isa = XCBuildConfiguration;
			buildSettings = {
				ALWAYS_SEARCH_USER_PATHS = NO;
				CLANG_ANALYZER_NONNULL = YES;
				CLANG_ANALYZER_NUMBER_OBJECT_CONVERSION = YES_AGGRESSIVE;
				CLANG_CXX_LANGUAGE_STANDARD = "gnu++0x";
				CLANG_CXX_LIBRARY = "libc++";
				CLANG_ENABLE_MODULES = YES;
				CLANG_ENABLE_OBJC_ARC = YES;
				CLANG_WARN_BOOL_CONVERSION = YES;
				CLANG_WARN_CONSTANT_CONVERSION = YES;
				CLANG_WARN_DIRECT_OBJC_ISA_USAGE = YES_ERROR;
				CLANG_WARN_DOCUMENTATION_COMMENTS = YES;
				CLANG_WARN_EMPTY_BODY = YES;
				CLANG_WARN_ENUM_CONVERSION = YES;
				CLANG_WARN_INFINITE_RECURSION = YES;
				CLANG_WARN_INT_CONVERSION = YES;
				CLANG_WARN_OBJC_ROOT_CLASS = YES_ERROR;
				CLANG_WARN_SUSPICIOUS_MOVE = YES;
				CLANG_WARN_UNREACHABLE_CODE = YES;
				CLANG_WARN__DUPLICATE_METHOD_MATCH = YES;
				"CODE_SIGN_IDENTITY[sdk=iphoneos*]" = "iPhone Developer";
				COPY_PHASE_STRIP = NO;
				DEBUG_INFORMATION_FORMAT = "dwarf-with-dsym";
				ENABLE_NS_ASSERTIONS = NO;
				ENABLE_STRICT_OBJC_MSGSEND = YES;
				GCC_C_LANGUAGE_STANDARD = gnu99;
				GCC_NO_COMMON_BLOCKS = YES;
				GCC_WARN_64_TO_32_BIT_CONVERSION = YES;
				GCC_WARN_ABOUT_RETURN_TYPE = YES_ERROR;
				GCC_WARN_UNDECLARED_SELECTOR = YES;
				GCC_WARN_UNINITIALIZED_AUTOS = YES_AGGRESSIVE;
				GCC_WARN_UNUSED_FUNCTION = YES;
				GCC_WARN_UNUSED_VARIABLE = YES;
				IPHONEOS_DEPLOYMENT_TARGET = 10.3;
				MTL_ENABLE_DEBUG_INFO = NO;
				SDKROOT = iphoneos;
				SWIFT_OPTIMIZATION_LEVEL = "-Owholemodule";
				VALIDATE_PRODUCT = YES;
			};
			name = Release;
		};
		33FC05B41FBCCF7500ACDE66 /* Debug */ = {
			isa = XCBuildConfiguration;
			buildSettings = {
				ASSETCATALOG_COMPILER_APPICON_NAME = AppIcon;
				INFOPLIST_FILE = PracticaPickerView/Info.plist;
				LD_RUNPATH_SEARCH_PATHS = "$(inherited) @executable_path/Frameworks";
				PRODUCT_BUNDLE_IDENTIFIER = com.lee.PracticaPickerView;
				PRODUCT_NAME = "$(TARGET_NAME)";
				SWIFT_VERSION = 3.0;
			};
			name = Debug;
		};
		33FC05B51FBCCF7500ACDE66 /* Release */ = {
			isa = XCBuildConfiguration;
			buildSettings = {
				ASSETCATALOG_COMPILER_APPICON_NAME = AppIcon;
				INFOPLIST_FILE = PracticaPickerView/Info.plist;
				LD_RUNPATH_SEARCH_PATHS = "$(inherited) @executable_path/Frameworks";
				PRODUCT_BUNDLE_IDENTIFIER = com.lee.PracticaPickerView;
				PRODUCT_NAME = "$(TARGET_NAME)";
				SWIFT_VERSION = 3.0;
			};
			name = Release;
		};
/* End XCBuildConfiguration section */

/* Begin XCConfigurationList section */
		33FC059C1FBCCF7500ACDE66 /* Build configuration list for PBXProject "PracticaPickerView" */ = {
			isa = XCConfigurationList;
			buildConfigurations = (
				33FC05B11FBCCF7500ACDE66 /* Debug */,
				33FC05B21FBCCF7500ACDE66 /* Release */,
			);
			defaultConfigurationIsVisible = 0;
			defaultConfigurationName = Release;
		};
		33FC05B31FBCCF7500ACDE66 /* Build configuration list for PBXNativeTarget "PracticaPickerView" */ = {
			isa = XCConfigurationList;
			buildConfigurations = (
				33FC05B41FBCCF7500ACDE66 /* Debug */,
				33FC05B51FBCCF7500ACDE66 /* Release */,
			);
			defaultConfigurationIsVisible = 0;
			defaultConfigurationName = Release;
		};
/* End XCConfigurationList section */
	};
	rootObject = 33FC05991FBCCF7500ACDE66 /* Project object */;
}
